// !$*UTF8*$!
{
	archiveVersion = 1;
	classes = {
	};
	objectVersion = 56;
	objects = {

/* Begin PBXBuildFile section */
		011FC1EE2A95F04F0021A976 /* designiOSApp.swift in Sources */ = {isa = PBXBuildFile; fileRef = 011FC1ED2A95F04F0021A976 /* designiOSApp.swift */; };
		011FC1F02A95F04F0021A976 /* ContentView.swift in Sources */ = {isa = PBXBuildFile; fileRef = 011FC1EF2A95F04F0021A976 /* ContentView.swift */; };
		011FC1F22A95F0510021A976 /* Assets.xcassets in Resources */ = {isa = PBXBuildFile; fileRef = 011FC1F12A95F0510021A976 /* Assets.xcassets */; };
		011FC1F52A95F0510021A976 /* Preview Assets.xcassets in Resources */ = {isa = PBXBuildFile; fileRef = 011FC1F42A95F0510021A976 /* Preview Assets.xcassets */; };
		011FC1FF2A95F0510021A976 /* designiOSTests.swift in Sources */ = {isa = PBXBuildFile; fileRef = 011FC1FE2A95F0510021A976 /* designiOSTests.swift */; };
		011FC2092A95F0510021A976 /* designiOSUITests.swift in Sources */ = {isa = PBXBuildFile; fileRef = 011FC2082A95F0510021A976 /* designiOSUITests.swift */; };
		011FC20B2A95F0510021A976 /* designiOSUITestsLaunchTests.swift in Sources */ = {isa = PBXBuildFile; fileRef = 011FC20A2A95F0510021A976 /* designiOSUITestsLaunchTests.swift */; };
		0177ADDC2A993D1400581135 /* random.swift in Sources */ = {isa = PBXBuildFile; fileRef = 0177ADDB2A993D1400581135 /* random.swift */; };
		019699E62A96BDDF00ECDAFC /* downloadButton.swift in Sources */ = {isa = PBXBuildFile; fileRef = 019699E52A96BDDF00ECDAFC /* downloadButton.swift */; };
		019699EA2A97778400ECDAFC /* Transition.swift in Sources */ = {isa = PBXBuildFile; fileRef = 019699E92A97778400ECDAFC /* Transition.swift */; };
		019699EC2A97DBE000ECDAFC /* transition 2.swift in Sources */ = {isa = PBXBuildFile; fileRef = 019699EB2A97DBE000ECDAFC /* transition 2.swift */; };
		019699EE2A97DE7E00ECDAFC /* transition 3.swift in Sources */ = {isa = PBXBuildFile; fileRef = 019699ED2A97DE7E00ECDAFC /* transition 3.swift */; };
		019857002A9697C0005EF2FF /* design.swift in Sources */ = {isa = PBXBuildFile; fileRef = 019856FF2A9697C0005EF2FF /* design.swift */; };
		019857022A96A59A005EF2FF /* HomeView.swift in Sources */ = {isa = PBXBuildFile; fileRef = 019857012A96A59A005EF2FF /* HomeView.swift */; };
/* End PBXBuildFile section */

/* Begin PBXContainerItemProxy section */
		011FC1FB2A95F0510021A976 /* PBXContainerItemProxy */ = {
			isa = PBXContainerItemProxy;
			containerPortal = 011FC1E22A95F04F0021A976 /* Project object */;
			proxyType = 1;
			remoteGlobalIDString = 011FC1E92A95F04F0021A976;
			remoteInfo = designiOS;
		};
		011FC2052A95F0510021A976 /* PBXContainerItemProxy */ = {
			isa = PBXContainerItemProxy;
			containerPortal = 011FC1E22A95F04F0021A976 /* Project object */;
			proxyType = 1;
			remoteGlobalIDString = 011FC1E92A95F04F0021A976;
			remoteInfo = designiOS;
		};
/* End PBXContainerItemProxy section */

/* Begin PBXFileReference section */
		011FC1EA2A95F04F0021A976 /* designiOS.app */ = {isa = PBXFileReference; explicitFileType = wrapper.application; includeInIndex = 0; path = designiOS.app; sourceTree = BUILT_PRODUCTS_DIR; };
		011FC1ED2A95F04F0021A976 /* designiOSApp.swift */ = {isa = PBXFileReference; lastKnownFileType = sourcecode.swift; path = designiOSApp.swift; sourceTree = "<group>"; };
		011FC1EF2A95F04F0021A976 /* ContentView.swift */ = {isa = PBXFileReference; lastKnownFileType = sourcecode.swift; path = ContentView.swift; sourceTree = "<group>"; };
		011FC1F12A95F0510021A976 /* Assets.xcassets */ = {isa = PBXFileReference; lastKnownFileType = folder.assetcatalog; path = Assets.xcassets; sourceTree = "<group>"; };
		011FC1F42A95F0510021A976 /* Preview Assets.xcassets */ = {isa = PBXFileReference; lastKnownFileType = folder.assetcatalog; path = "Preview Assets.xcassets"; sourceTree = "<group>"; };
		011FC1FA2A95F0510021A976 /* designiOSTests.xctest */ = {isa = PBXFileReference; explicitFileType = wrapper.cfbundle; includeInIndex = 0; path = designiOSTests.xctest; sourceTree = BUILT_PRODUCTS_DIR; };
		011FC1FE2A95F0510021A976 /* designiOSTests.swift */ = {isa = PBXFileReference; lastKnownFileType = sourcecode.swift; path = designiOSTests.swift; sourceTree = "<group>"; };
		011FC2042A95F0510021A976 /* designiOSUITests.xctest */ = {isa = PBXFileReference; explicitFileType = wrapper.cfbundle; includeInIndex = 0; path = designiOSUITests.xctest; sourceTree = BUILT_PRODUCTS_DIR; };
		011FC2082A95F0510021A976 /* designiOSUITests.swift */ = {isa = PBXFileReference; lastKnownFileType = sourcecode.swift; path = designiOSUITests.swift; sourceTree = "<group>"; };
		011FC20A2A95F0510021A976 /* designiOSUITestsLaunchTests.swift */ = {isa = PBXFileReference; lastKnownFileType = sourcecode.swift; path = designiOSUITestsLaunchTests.swift; sourceTree = "<group>"; };
		0177ADDB2A993D1400581135 /* random.swift */ = {isa = PBXFileReference; lastKnownFileType = sourcecode.swift; path = random.swift; sourceTree = "<group>"; };
		019699E52A96BDDF00ECDAFC /* downloadButton.swift */ = {isa = PBXFileReference; lastKnownFileType = sourcecode.swift; path = downloadButton.swift; sourceTree = "<group>"; };
		019699E92A97778400ECDAFC /* Transition.swift */ = {isa = PBXFileReference; lastKnownFileType = sourcecode.swift; path = Transition.swift; sourceTree = "<group>"; };
		019699EB2A97DBE000ECDAFC /* transition 2.swift */ = {isa = PBXFileReference; lastKnownFileType = sourcecode.swift; path = "transition 2.swift"; sourceTree = "<group>"; };
		019699ED2A97DE7E00ECDAFC /* transition 3.swift */ = {isa = PBXFileReference; lastKnownFileType = sourcecode.swift; path = "transition 3.swift"; sourceTree = "<group>"; };
		019856FF2A9697C0005EF2FF /* design.swift */ = {isa = PBXFileReference; lastKnownFileType = sourcecode.swift; path = design.swift; sourceTree = "<group>"; };
		019857012A96A59A005EF2FF /* HomeView.swift */ = {isa = PBXFileReference; lastKnownFileType = sourcecode.swift; path = HomeView.swift; sourceTree = "<group>"; };
/* End PBXFileReference section */

/* Begin PBXFrameworksBuildPhase section */
		011FC1E72A95F04F0021A976 /* Frameworks */ = {
			isa = PBXFrameworksBuildPhase;
			buildActionMask = 2147483647;
			files = (
			);
			runOnlyForDeploymentPostprocessing = 0;
		};
		011FC1F72A95F0510021A976 /* Frameworks */ = {
			isa = PBXFrameworksBuildPhase;
			buildActionMask = 2147483647;
			files = (
			);
			runOnlyForDeploymentPostprocessing = 0;
		};
		011FC2012A95F0510021A976 /* Frameworks */ = {
			isa = PBXFrameworksBuildPhase;
			buildActionMask = 2147483647;
			files = (
			);
			runOnlyForDeploymentPostprocessing = 0;
		};
/* End PBXFrameworksBuildPhase section */

/* Begin PBXGroup section */
		011FC1E12A95F04F0021A976 = {
			isa = PBXGroup;
			children = (
				011FC1EC2A95F04F0021A976 /* designiOS */,
				011FC1FD2A95F0510021A976 /* designiOSTests */,
				011FC2072A95F0510021A976 /* designiOSUITests */,
				011FC1EB2A95F04F0021A976 /* Products */,
			);
			sourceTree = "<group>";
		};
		011FC1EB2A95F04F0021A976 /* Products */ = {
			isa = PBXGroup;
			children = (
				011FC1EA2A95F04F0021A976 /* designiOS.app */,
				011FC1FA2A95F0510021A976 /* designiOSTests.xctest */,
				011FC2042A95F0510021A976 /* designiOSUITests.xctest */,
			);
			name = Products;
			sourceTree = "<group>";
		};
		011FC1EC2A95F04F0021A976 /* designiOS */ = {
			isa = PBXGroup;
			children = (
				011FC1ED2A95F04F0021A976 /* designiOSApp.swift */,
				011FC1EF2A95F04F0021A976 /* ContentView.swift */,
				019857012A96A59A005EF2FF /* HomeView.swift */,
				019699E52A96BDDF00ECDAFC /* downloadButton.swift */,
				019699E92A97778400ECDAFC /* Transition.swift */,
				019699EB2A97DBE000ECDAFC /* transition 2.swift */,
				019699ED2A97DE7E00ECDAFC /* transition 3.swift */,
				019856FF2A9697C0005EF2FF /* design.swift */,
				0177ADDB2A993D1400581135 /* random.swift */,
				011FC1F12A95F0510021A976 /* Assets.xcassets */,
				011FC1F32A95F0510021A976 /* Preview Content */,
			);
			path = designiOS;
			sourceTree = "<group>";
		};
		011FC1F32A95F0510021A976 /* Preview Content */ = {
			isa = PBXGroup;
			children = (
				011FC1F42A95F0510021A976 /* Preview Assets.xcassets */,
			);
			path = "Preview Content";
			sourceTree = "<group>";
		};
		011FC1FD2A95F0510021A976 /* designiOSTests */ = {
			isa = PBXGroup;
			children = (
				011FC1FE2A95F0510021A976 /* designiOSTests.swift */,
			);
			path = designiOSTests;
			sourceTree = "<group>";
		};
		011FC2072A95F0510021A976 /* designiOSUITests */ = {
			isa = PBXGroup;
			children = (
				011FC2082A95F0510021A976 /* designiOSUITests.swift */,
				011FC20A2A95F0510021A976 /* designiOSUITestsLaunchTests.swift */,
			);
			path = designiOSUITests;
			sourceTree = "<group>";
		};
/* End PBXGroup section */

/* Begin PBXNativeTarget section */
		011FC1E92A95F04F0021A976 /* designiOS */ = {
			isa = PBXNativeTarget;
			buildConfigurationList = 011FC20E2A95F0510021A976 /* Build configuration list for PBXNativeTarget "designiOS" */;
			buildPhases = (
				011FC1E62A95F04F0021A976 /* Sources */,
				011FC1E72A95F04F0021A976 /* Frameworks */,
				011FC1E82A95F04F0021A976 /* Resources */,
			);
			buildRules = (
			);
			dependencies = (
			);
			name = designiOS;
			productName = designiOS;
			productReference = 011FC1EA2A95F04F0021A976 /* designiOS.app */;
			productType = "com.apple.product-type.application";
		};
		011FC1F92A95F0510021A976 /* designiOSTests */ = {
			isa = PBXNativeTarget;
			buildConfigurationList = 011FC2112A95F0510021A976 /* Build configuration list for PBXNativeTarget "designiOSTests" */;
			buildPhases = (
				011FC1F62A95F0510021A976 /* Sources */,
				011FC1F72A95F0510021A976 /* Frameworks */,
				011FC1F82A95F0510021A976 /* Resources */,
			);
			buildRules = (
			);
			dependencies = (
				011FC1FC2A95F0510021A976 /* PBXTargetDependency */,
			);
			name = designiOSTests;
			productName = designiOSTests;
			productReference = 011FC1FA2A95F0510021A976 /* designiOSTests.xctest */;
			productType = "com.apple.product-type.bundle.unit-test";
		};
		011FC2032A95F0510021A976 /* designiOSUITests */ = {
			isa = PBXNativeTarget;
			buildConfigurationList = 011FC2142A95F0510021A976 /* Build configuration list for PBXNativeTarget "designiOSUITests" */;
			buildPhases = (
				011FC2002A95F0510021A976 /* Sources */,
				011FC2012A95F0510021A976 /* Frameworks */,
				011FC2022A95F0510021A976 /* Resources */,
			);
			buildRules = (
			);
			dependencies = (
				011FC2062A95F0510021A976 /* PBXTargetDependency */,
			);
			name = designiOSUITests;
			productName = designiOSUITests;
			productReference = 011FC2042A95F0510021A976 /* designiOSUITests.xctest */;
			productType = "com.apple.product-type.bundle.ui-testing";
		};
/* End PBXNativeTarget section */

/* Begin PBXProject section */
		011FC1E22A95F04F0021A976 /* Project object */ = {
			isa = PBXProject;
			attributes = {
				BuildIndependentTargetsInParallel = 1;
				LastSwiftUpdateCheck = 1430;
				LastUpgradeCheck = 1430;
				TargetAttributes = {
					011FC1E92A95F04F0021A976 = {
						CreatedOnToolsVersion = 14.3.1;
					};
					011FC1F92A95F0510021A976 = {
						CreatedOnToolsVersion = 14.3.1;
						TestTargetID = 011FC1E92A95F04F0021A976;
					};
					011FC2032A95F0510021A976 = {
						CreatedOnToolsVersion = 14.3.1;
						TestTargetID = 011FC1E92A95F04F0021A976;
					};
				};
			};
			buildConfigurationList = 011FC1E52A95F04F0021A976 /* Build configuration list for PBXProject "designiOS" */;
			compatibilityVersion = "Xcode 14.0";
			developmentRegion = en;
			hasScannedForEncodings = 0;
			knownRegions = (
				en,
				Base,
			);
			mainGroup = 011FC1E12A95F04F0021A976;
			productRefGroup = 011FC1EB2A95F04F0021A976 /* Products */;
			projectDirPath = "";
			projectRoot = "";
			targets = (
				011FC1E92A95F04F0021A976 /* designiOS */,
				011FC1F92A95F0510021A976 /* designiOSTests */,
				011FC2032A95F0510021A976 /* designiOSUITests */,
			);
		};
/* End PBXProject section */

/* Begin PBXResourcesBuildPhase section */
		011FC1E82A95F04F0021A976 /* Resources */ = {
			isa = PBXResourcesBuildPhase;
			buildActionMask = 2147483647;
			files = (
				011FC1F52A95F0510021A976 /* Preview Assets.xcassets in Resources */,
				011FC1F22A95F0510021A976 /* Assets.xcassets in Resources */,
			);
			runOnlyForDeploymentPostprocessing = 0;
		};
		011FC1F82A95F0510021A976 /* Resources */ = {
			isa = PBXResourcesBuildPhase;
			buildActionMask = 2147483647;
			files = (
			);
			runOnlyForDeploymentPostprocessing = 0;
		};
		011FC2022A95F0510021A976 /* Resources */ = {
			isa = PBXResourcesBuildPhase;
			buildActionMask = 2147483647;
			files = (
			);
			runOnlyForDeploymentPostprocessing = 0;
		};
/* End PBXResourcesBuildPhase section */

/* Begin PBXSourcesBuildPhase section */
		011FC1E62A95F04F0021A976 /* Sources */ = {
			isa = PBXSourcesBuildPhase;
			buildActionMask = 2147483647;
			files = (
				0177ADDC2A993D1400581135 /* random.swift in Sources */,
				019699EA2A97778400ECDAFC /* Transition.swift in Sources */,
				019699EE2A97DE7E00ECDAFC /* transition 3.swift in Sources */,
				019857002A9697C0005EF2FF /* design.swift in Sources */,
				019699EC2A97DBE000ECDAFC /* transition 2.swift in Sources */,
				019857022A96A59A005EF2FF /* HomeView.swift in Sources */,
				011FC1F02A95F04F0021A976 /* ContentView.swift in Sources */,
				011FC1EE2A95F04F0021A976 /* designiOSApp.swift in Sources */,
				019699E62A96BDDF00ECDAFC /* downloadButton.swift in Sources */,
			);
			runOnlyForDeploymentPostprocessing = 0;
		};
		011FC1F62A95F0510021A976 /* Sources */ = {
			isa = PBXSourcesBuildPhase;
			buildActionMask = 2147483647;
			files = (
				011FC1FF2A95F0510021A976 /* designiOSTests.swift in Sources */,
			);
			runOnlyForDeploymentPostprocessing = 0;
		};
		011FC2002A95F0510021A976 /* Sources */ = {
			isa = PBXSourcesBuildPhase;
			buildActionMask = 2147483647;
			files = (
				011FC20B2A95F0510021A976 /* designiOSUITestsLaunchTests.swift in Sources */,
				011FC2092A95F0510021A976 /* designiOSUITests.swift in Sources */,
			);
			runOnlyForDeploymentPostprocessing = 0;
		};
/* End PBXSourcesBuildPhase section */

/* Begin PBXTargetDependency section */
		011FC1FC2A95F0510021A976 /* PBXTargetDependency */ = {
			isa = PBXTargetDependency;
			target = 011FC1E92A95F04F0021A976 /* designiOS */;
			targetProxy = 011FC1FB2A95F0510021A976 /* PBXContainerItemProxy */;
		};
		011FC2062A95F0510021A976 /* PBXTargetDependency */ = {
			isa = PBXTargetDependency;
			target = 011FC1E92A95F04F0021A976 /* designiOS */;
			targetProxy = 011FC2052A95F0510021A976 /* PBXContainerItemProxy */;
		};
/* End PBXTargetDependency section */

/* Begin XCBuildConfiguration section */
		011FC20C2A95F0510021A976 /* Debug */ = {
			isa = XCBuildConfiguration;
			buildSettings = {
				ALWAYS_SEARCH_USER_PATHS = NO;
				CLANG_ANALYZER_NONNULL = YES;
				CLANG_ANALYZER_NUMBER_OBJECT_CONVERSION = YES_AGGRESSIVE;
				CLANG_CXX_LANGUAGE_STANDARD = "gnu++20";
				CLANG_ENABLE_MODULES = YES;
				CLANG_ENABLE_OBJC_ARC = YES;
				CLANG_ENABLE_OBJC_WEAK = YES;
				CLANG_WARN_BLOCK_CAPTURE_AUTORELEASING = YES;
				CLANG_WARN_BOOL_CONVERSION = YES;
				CLANG_WARN_COMMA = YES;
				CLANG_WARN_CONSTANT_CONVERSION = YES;
				CLANG_WARN_DEPRECATED_OBJC_IMPLEMENTATIONS = YES;
				CLANG_WARN_DIRECT_OBJC_ISA_USAGE = YES_ERROR;
				CLANG_WARN_DOCUMENTATION_COMMENTS = YES;
				CLANG_WARN_EMPTY_BODY = YES;
				CLANG_WARN_ENUM_CONVERSION = YES;
				CLANG_WARN_INFINITE_RECURSION = YES;
				CLANG_WARN_INT_CONVERSION = YES;
				CLANG_WARN_NON_LITERAL_NULL_CONVERSION = YES;
				CLANG_WARN_OBJC_IMPLICIT_RETAIN_SELF = YES;
				CLANG_WARN_OBJC_LITERAL_CONVERSION = YES;
				CLANG_WARN_OBJC_ROOT_CLASS = YES_ERROR;
				CLANG_WARN_QUOTED_INCLUDE_IN_FRAMEWORK_HEADER = YES;
				CLANG_WARN_RANGE_LOOP_ANALYSIS = YES;
				CLANG_WARN_STRICT_PROTOTYPES = YES;
				CLANG_WARN_SUSPICIOUS_MOVE = YES;
				CLANG_WARN_UNGUARDED_AVAILABILITY = YES_AGGRESSIVE;
				CLANG_WARN_UNREACHABLE_CODE = YES;
				CLANG_WARN__DUPLICATE_METHOD_MATCH = YES;
				COPY_PHASE_STRIP = NO;
				DEBUG_INFORMATION_FORMAT = dwarf;
				ENABLE_STRICT_OBJC_MSGSEND = YES;
				ENABLE_TESTABILITY = YES;
				GCC_C_LANGUAGE_STANDARD = gnu11;
				GCC_DYNAMIC_NO_PIC = NO;
				GCC_NO_COMMON_BLOCKS = YES;
				GCC_OPTIMIZATION_LEVEL = 0;
				GCC_PREPROCESSOR_DEFINITIONS = (
					"DEBUG=1",
					"$(inherited)",
				);
				GCC_WARN_64_TO_32_BIT_CONVERSION = YES;
				GCC_WARN_ABOUT_RETURN_TYPE = YES_ERROR;
				GCC_WARN_UNDECLARED_SELECTOR = YES;
				GCC_WARN_UNINITIALIZED_AUTOS = YES_AGGRESSIVE;
				GCC_WARN_UNUSED_FUNCTION = YES;
				GCC_WARN_UNUSED_VARIABLE = YES;
				IPHONEOS_DEPLOYMENT_TARGET = 16.4;
				MTL_ENABLE_DEBUG_INFO = INCLUDE_SOURCE;
				MTL_FAST_MATH = YES;
				ONLY_ACTIVE_ARCH = YES;
				SDKROOT = iphoneos;
				SWIFT_ACTIVE_COMPILATION_CONDITIONS = DEBUG;
				SWIFT_OPTIMIZATION_LEVEL = "-Onone";
			};
			name = Debug;
		};
		011FC20D2A95F0510021A976 /* Release */ = {
			isa = XCBuildConfiguration;
			buildSettings = {
				ALWAYS_SEARCH_USER_PATHS = NO;
				CLANG_ANALYZER_NONNULL = YES;
				CLANG_ANALYZER_NUMBER_OBJECT_CONVERSION = YES_AGGRESSIVE;
				CLANG_CXX_LANGUAGE_STANDARD = "gnu++20";
				CLANG_ENABLE_MODULES = YES;
				CLANG_ENABLE_OBJC_ARC = YES;
				CLANG_ENABLE_OBJC_WEAK = YES;
				CLANG_WARN_BLOCK_CAPTURE_AUTORELEASING = YES;
				CLANG_WARN_BOOL_CONVERSION = YES;
				CLANG_WARN_COMMA = YES;
				CLANG_WARN_CONSTANT_CONVERSION = YES;
				CLANG_WARN_DEPRECATED_OBJC_IMPLEMENTATIONS = YES;
				CLANG_WARN_DIRECT_OBJC_ISA_USAGE = YES_ERROR;
				CLANG_WARN_DOCUMENTATION_COMMENTS = YES;
				CLANG_WARN_EMPTY_BODY = YES;
				CLANG_WARN_ENUM_CONVERSION = YES;
				CLANG_WARN_INFINITE_RECURSION = YES;
				CLANG_WARN_INT_CONVERSION = YES;
				CLANG_WARN_NON_LITERAL_NULL_CONVERSION = YES;
				CLANG_WARN_OBJC_IMPLICIT_RETAIN_SELF = YES;
				CLANG_WARN_OBJC_LITERAL_CONVERSION = YES;
				CLANG_WARN_OBJC_ROOT_CLASS = YES_ERROR;
				CLANG_WARN_QUOTED_INCLUDE_IN_FRAMEWORK_HEADER = YES;
				CLANG_WARN_RANGE_LOOP_ANALYSIS = YES;
				CLANG_WARN_STRICT_PROTOTYPES = YES;
				CLANG_WARN_SUSPICIOUS_MOVE = YES;
				CLANG_WARN_UNGUARDED_AVAILABILITY = YES_AGGRESSIVE;
				CLANG_WARN_UNREACHABLE_CODE = YES;
				CLANG_WARN__DUPLICATE_METHOD_MATCH = YES;
				COPY_PHASE_STRIP = NO;
				DEBUG_INFORMATION_FORMAT = "dwarf-with-dsym";
				ENABLE_NS_ASSERTIONS = NO;
				ENABLE_STRICT_OBJC_MSGSEND = YES;
				GCC_C_LANGUAGE_STANDARD = gnu11;
				GCC_NO_COMMON_BLOCKS = YES;
				GCC_WARN_64_TO_32_BIT_CONVERSION = YES;
				GCC_WARN_ABOUT_RETURN_TYPE = YES_ERROR;
				GCC_WARN_UNDECLARED_SELECTOR = YES;
				GCC_WARN_UNINITIALIZED_AUTOS = YES_AGGRESSIVE;
				GCC_WARN_UNUSED_FUNCTION = YES;
				GCC_WARN_UNUSED_VARIABLE = YES;
				IPHONEOS_DEPLOYMENT_TARGET = 16.4;
				MTL_ENABLE_DEBUG_INFO = NO;
				MTL_FAST_MATH = YES;
				SDKROOT = iphoneos;
				SWIFT_COMPILATION_MODE = wholemodule;
				SWIFT_OPTIMIZATION_LEVEL = "-O";
				VALIDATE_PRODUCT = YES;
			};
			name = Release;
		};
		011FC20F2A95F0510021A976 /* Debug */ = {
			isa = XCBuildConfiguration;
			buildSettings = {
				ASSETCATALOG_COMPILER_APPICON_NAME = AppIcon;
				ASSETCATALOG_COMPILER_GLOBAL_ACCENT_COLOR_NAME = AccentColor;
				CODE_SIGN_STYLE = Automatic;
				CURRENT_PROJECT_VERSION = 1;
				DEVELOPMENT_ASSET_PATHS = "\"designiOS/Preview Content\"";
				ENABLE_PREVIEWS = YES;
				GENERATE_INFOPLIST_FILE = YES;
				INFOPLIST_KEY_UIApplicationSceneManifest_Generation = YES;
				INFOPLIST_KEY_UIApplicationSupportsIndirectInputEvents = YES;
				INFOPLIST_KEY_UILaunchScreen_Generation = YES;
				INFOPLIST_KEY_UISupportedInterfaceOrientations_iPad = "UIInterfaceOrientationPortrait UIInterfaceOrientationPortraitUpsideDown UIInterfaceOrientationLandscapeLeft UIInterfaceOrientationLandscapeRight";
				INFOPLIST_KEY_UISupportedInterfaceOrientations_iPhone = "UIInterfaceOrientationPortrait UIInterfaceOrientationLandscapeLeft UIInterfaceOrientationLandscapeRight";
				LD_RUNPATH_SEARCH_PATHS = (
					"$(inherited)",
					"@executable_path/Frameworks",
				);
				MARKETING_VERSION = 1.0;
				PRODUCT_BUNDLE_IDENTIFIER = h.designiOS;
				PRODUCT_NAME = "$(TARGET_NAME)";
				SWIFT_EMIT_LOC_STRINGS = YES;
				SWIFT_VERSION = 5.0;
				TARGETED_DEVICE_FAMILY = "1,2";
			};
			name = Debug;
		};
		011FC2102A95F0510021A976 /* Release */ = {
			isa = XCBuildConfiguration;
			buildSettings = {
				ASSETCATALOG_COMPILER_APPICON_NAME = AppIcon;
				ASSETCATALOG_COMPILER_GLOBAL_ACCENT_COLOR_NAME = AccentColor;
				CODE_SIGN_STYLE = Automatic;
				CURRENT_PROJECT_VERSION = 1;
				DEVELOPMENT_ASSET_PATHS = "\"designiOS/Preview Content\"";
				ENABLE_PREVIEWS = YES;
				GENERATE_INFOPLIST_FILE = YES;
				INFOPLIST_KEY_UIApplicationSceneManifest_Generation = YES;
				INFOPLIST_KEY_UIApplicationSupportsIndirectInputEvents = YES;
				INFOPLIST_KEY_UILaunchScreen_Generation = YES;
				INFOPLIST_KEY_UISupportedInterfaceOrientations_iPad = "UIInterfaceOrientationPortrait UIInterfaceOrientationPortraitUpsideDown UIInterfaceOrientationLandscapeLeft UIInterfaceOrientationLandscapeRight";
				INFOPLIST_KEY_UISupportedInterfaceOrientations_iPhone = "UIInterfaceOrientationPortrait UIInterfaceOrientationLandscapeLeft UIInterfaceOrientationLandscapeRight";
				LD_RUNPATH_SEARCH_PATHS = (
					"$(inherited)",
					"@executable_path/Frameworks",
				);
				MARKETING_VERSION = 1.0;
				PRODUCT_BUNDLE_IDENTIFIER = h.designiOS;
				PRODUCT_NAME = "$(TARGET_NAME)";
				SWIFT_EMIT_LOC_STRINGS = YES;
				SWIFT_VERSION = 5.0;
				TARGETED_DEVICE_FAMILY = "1,2";
			};
			name = Release;
		};
		011FC2122A95F0510021A976 /* Debug */ = {
			isa = XCBuildConfiguration;
			buildSettings = {
				ALWAYS_EMBED_SWIFT_STANDARD_LIBRARIES = YES;
				BUNDLE_LOADER = "$(TEST_HOST)";
				CODE_SIGN_STYLE = Automatic;
				CURRENT_PROJECT_VERSION = 1;
				GENERATE_INFOPLIST_FILE = YES;
				IPHONEOS_DEPLOYMENT_TARGET = 16.4;
				MARKETING_VERSION = 1.0;
				PRODUCT_BUNDLE_IDENTIFIER = h.designiOSTests;
				PRODUCT_NAME = "$(TARGET_NAME)";
				SWIFT_EMIT_LOC_STRINGS = NO;
				SWIFT_VERSION = 5.0;
				TARGETED_DEVICE_FAMILY = "1,2";
				TEST_HOST = "$(BUILT_PRODUCTS_DIR)/designiOS.app/$(BUNDLE_EXECUTABLE_FOLDER_PATH)/designiOS";
			};
			name = Debug;
		};
		011FC2132A95F0510021A976 /* Release */ = {
			isa = XCBuildConfiguration;
			buildSettings = {
				ALWAYS_EMBED_SWIFT_STANDARD_LIBRARIES = YES;
				BUNDLE_LOADER = "$(TEST_HOST)";
				CODE_SIGN_STYLE = Automatic;
				CURRENT_PROJECT_VERSION = 1;
				GENERATE_INFOPLIST_FILE = YES;
				IPHONEOS_DEPLOYMENT_TARGET = 16.4;
				MARKETING_VERSION = 1.0;
				PRODUCT_BUNDLE_IDENTIFIER = h.designiOSTests;
				PRODUCT_NAME = "$(TARGET_NAME)";
				SWIFT_EMIT_LOC_STRINGS = NO;
				SWIFT_VERSION = 5.0;
				TARGETED_DEVICE_FAMILY = "1,2";
				TEST_HOST = "$(BUILT_PRODUCTS_DIR)/designiOS.app/$(BUNDLE_EXECUTABLE_FOLDER_PATH)/designiOS";
			};
			name = Release;
		};
		011FC2152A95F0510021A976 /* Debug */ = {
			isa = XCBuildConfiguration;
			buildSettings = {
				ALWAYS_EMBED_SWIFT_STANDARD_LIBRARIES = YES;
				CODE_SIGN_STYLE = Automatic;
				CURRENT_PROJECT_VERSION = 1;
				GENERATE_INFOPLIST_FILE = YES;
				MARKETING_VERSION = 1.0;
				PRODUCT_BUNDLE_IDENTIFIER = h.designiOSUITests;
				PRODUCT_NAME = "$(TARGET_NAME)";
				SWIFT_EMIT_LOC_STRINGS = NO;
				SWIFT_VERSION = 5.0;
				TARGETED_DEVICE_FAMILY = "1,2";
				TEST_TARGET_NAME = designiOS;
			};
			name = Debug;
		};
		011FC2162A95F0510021A976 /* Release */ = {
			isa = XCBuildConfiguration;
			buildSettings = {
				ALWAYS_EMBED_SWIFT_STANDARD_LIBRARIES = YES;
				CODE_SIGN_STYLE = Automatic;
				CURRENT_PROJECT_VERSION = 1;
				GENERATE_INFOPLIST_FILE = YES;
				MARKETING_VERSION = 1.0;
				PRODUCT_BUNDLE_IDENTIFIER = h.designiOSUITests;
				PRODUCT_NAME = "$(TARGET_NAME)";
				SWIFT_EMIT_LOC_STRINGS = NO;
				SWIFT_VERSION = 5.0;
				TARGETED_DEVICE_FAMILY = "1,2";
				TEST_TARGET_NAME = designiOS;
			};
			name = Release;
		};
/* End XCBuildConfiguration section */

/* Begin XCConfigurationList section */
		011FC1E52A95F04F0021A976 /* Build configuration list for PBXProject "designiOS" */ = {
			isa = XCConfigurationList;
			buildConfigurations = (
				011FC20C2A95F0510021A976 /* Debug */,
				011FC20D2A95F0510021A976 /* Release */,
			);
			defaultConfigurationIsVisible = 0;
			defaultConfigurationName = Release;
		};
		011FC20E2A95F0510021A976 /* Build configuration list for PBXNativeTarget "designiOS" */ = {
			isa = XCConfigurationList;
			buildConfigurations = (
				011FC20F2A95F0510021A976 /* Debug */,
				011FC2102A95F0510021A976 /* Release */,
			);
			defaultConfigurationIsVisible = 0;
			defaultConfigurationName = Release;
		};
		011FC2112A95F0510021A976 /* Build configuration list for PBXNativeTarget "designiOSTests" */ = {
			isa = XCConfigurationList;
			buildConfigurations = (
				011FC2122A95F0510021A976 /* Debug */,
				011FC2132A95F0510021A976 /* Release */,
			);
			defaultConfigurationIsVisible = 0;
			defaultConfigurationName = Release;
		};
		011FC2142A95F0510021A976 /* Build configuration list for PBXNativeTarget "designiOSUITests" */ = {
			isa = XCConfigurationList;
			buildConfigurations = (
				011FC2152A95F0510021A976 /* Debug */,
				011FC2162A95F0510021A976 /* Release */,
			);
			defaultConfigurationIsVisible = 0;
			defaultConfigurationName = Release;
		};
/* End XCConfigurationList section */
	};
	rootObject = 011FC1E22A95F04F0021A976 /* Project object */;
}
